
Microsoft Visual Studio Solution File, Format Version 12.00
# Visual Studio Version 17
VisualStudioVersion = 17.9.34728.123
MinimumVisualStudioVersion = 10.0.40219.1
Project("{FAE04EC0-301F-11D3-BF4B-00C04F79EFBC}") = "HTTPClient _Request", "HTTPClient _Request\HTTPClient _Request.csproj", "{E3E41A07-C8B7-41C3-9B09-53D202375AF4}"
EndProject
Global
	GlobalSection(SolutionConfigurationPlatforms) = preSolution
		Debug|Any CPU = Debug|Any CPU
		Release|Any CPU = Release|Any CPU
	EndGlobalSection
	GlobalSection(ProjectConfigurationPlatforms) = postSolution
		{E3E41A07-C8B7-41C3-9B09-53D202375AF4}.Debug|Any CPU.ActiveCfg = Debug|Any CPU
		{E3E41A07-C8B7-41C3-9B09-53D202375AF4}.Debug|Any CPU.Build.0 = Debug|Any CPU
		{E3E41A07-C8B7-41C3-9B09-53D202375AF4}.Release|Any CPU.ActiveCfg = Release|Any CPU
		{E3E41A07-C8B7-41C3-9B09-53D202375AF4}.Release|Any CPU.Build.0 = Release|Any CPU
	EndGlobalSection
	GlobalSection(SolutionProperties) = preSolution
		HideSolutionNode = FALSE
	EndGlobalSection
	GlobalSection(ExtensibilityGlobals) = postSolution
		SolutionGuid = {00EA9F43-896C-46D7-A28C-CB8D64CE9571}
	EndGlobalSection
EndGlobal
